
Microsoft Visual Studio Solution File, Format Version 12.00
# Visual Studio Version 16
VisualStudioVersion = 16.0.30330.147
MinimumVisualStudioVersion = 10.0.40219.1
Project("{FAE04EC0-301F-11D3-BF4B-00C04F79EFBC}") = "PropertyPatternExample", "PropertyPatternExample\PropertyPatternExample.csproj", "{C0625CB1-A427-4EB6-9A9E-C0352E9F4A2A}"
EndProject
Global
	GlobalSection(SolutionConfigurationPlatforms) = preSolution
		Debug|Any CPU = Debug|Any CPU
		Release|Any CPU = Release|Any CPU
	EndGlobalSection
	GlobalSection(ProjectConfigurationPlatforms) = postSolution
		{C0625CB1-A427-4EB6-9A9E-C0352E9F4A2A}.Debug|Any CPU.ActiveCfg = Debug|Any CPU
		{C0625CB1-A427-4EB6-9A9E-C0352E9F4A2A}.Debug|Any CPU.Build.0 = Debug|Any CPU
		{C0625CB1-A427-4EB6-9A9E-C0352E9F4A2A}.Release|Any CPU.ActiveCfg = Release|Any CPU
		{C0625CB1-A427-4EB6-9A9E-C0352E9F4A2A}.Release|Any CPU.Build.0 = Release|Any CPU
	EndGlobalSection
	GlobalSection(SolutionProperties) = preSolution
		HideSolutionNode = FALSE
	EndGlobalSection
	GlobalSection(ExtensibilityGlobals) = postSolution
		SolutionGuid = {DD5AA91C-E571-4840-BD25-06B2B477E4B0}
	EndGlobalSection
EndGlobal
